
Microsoft Visual Studio Solution File, Format Version 12.00
# Visual Studio Version 16
Project("{8BC9CEB8-8B4A-11D0-8D11-00A0C91BC942}") = "ALL_BUILD", "ALL_BUILD.vcxproj", "{6D3A5858-2BD1-3943-8E60-6209BDC1EFC1}"
	ProjectSection(ProjectDependencies) = postProject
		{7BADD37C-9A10-35FB-AD84-5A4D0AFC6495} = {7BADD37C-9A10-35FB-AD84-5A4D0AFC6495}
		{8288A3BD-9BB8-387D-B194-7197D77781E1} = {8288A3BD-9BB8-387D-B194-7197D77781E1}
	EndProjectSection
EndProject
Project("{8BC9CEB8-8B4A-11D0-8D11-00A0C91BC942}") = "Slotmachine", "Slotmachine.vcxproj", "{7BADD37C-9A10-35FB-AD84-5A4D0AFC6495}"
	ProjectSection(ProjectDependencies) = postProject
		{8288A3BD-9BB8-387D-B194-7197D77781E1} = {8288A3BD-9BB8-387D-B194-7197D77781E1}
	EndProjectSection
EndProject
Project("{8BC9CEB8-8B4A-11D0-8D11-00A0C91BC942}") = "ZERO_CHECK", "ZERO_CHECK.vcxproj", "{8288A3BD-9BB8-387D-B194-7197D77781E1}"
	ProjectSection(ProjectDependencies) = postProject
	EndProjectSection
EndProject
Global
	GlobalSection(SolutionConfigurationPlatforms) = preSolution
		Debug|x64 = Debug|x64
		Release|x64 = Release|x64
		MinSizeRel|x64 = MinSizeRel|x64
		RelWithDebInfo|x64 = RelWithDebInfo|x64
	EndGlobalSection
	GlobalSection(ProjectConfigurationPlatforms) = postSolution
		{6D3A5858-2BD1-3943-8E60-6209BDC1EFC1}.Debug|x64.ActiveCfg = Debug|x64
		{6D3A5858-2BD1-3943-8E60-6209BDC1EFC1}.Release|x64.ActiveCfg = Release|x64
		{6D3A5858-2BD1-3943-8E60-6209BDC1EFC1}.MinSizeRel|x64.ActiveCfg = MinSizeRel|x64
		{6D3A5858-2BD1-3943-8E60-6209BDC1EFC1}.RelWithDebInfo|x64.ActiveCfg = RelWithDebInfo|x64
		{7BADD37C-9A10-35FB-AD84-5A4D0AFC6495}.Debug|x64.ActiveCfg = Debug|x64
		{7BADD37C-9A10-35FB-AD84-5A4D0AFC6495}.Debug|x64.Build.0 = Debug|x64
		{7BADD37C-9A10-35FB-AD84-5A4D0AFC6495}.Release|x64.ActiveCfg = Release|x64
		{7BADD37C-9A10-35FB-AD84-5A4D0AFC6495}.Release|x64.Build.0 = Release|x64
		{7BADD37C-9A10-35FB-AD84-5A4D0AFC6495}.MinSizeRel|x64.ActiveCfg = MinSizeRel|x64
		{7BADD37C-9A10-35FB-AD84-5A4D0AFC6495}.MinSizeRel|x64.Build.0 = MinSizeRel|x64
		{7BADD37C-9A10-35FB-AD84-5A4D0AFC6495}.RelWithDebInfo|x64.ActiveCfg = RelWithDebInfo|x64
		{7BADD37C-9A10-35FB-AD84-5A4D0AFC6495}.RelWithDebInfo|x64.Build.0 = RelWithDebInfo|x64
		{8288A3BD-9BB8-387D-B194-7197D77781E1}.Debug|x64.ActiveCfg = Debug|x64
		{8288A3BD-9BB8-387D-B194-7197D77781E1}.Debug|x64.Build.0 = Debug|x64
		{8288A3BD-9BB8-387D-B194-7197D77781E1}.Release|x64.ActiveCfg = Release|x64
		{8288A3BD-9BB8-387D-B194-7197D77781E1}.Release|x64.Build.0 = Release|x64
		{8288A3BD-9BB8-387D-B194-7197D77781E1}.MinSizeRel|x64.ActiveCfg = MinSizeRel|x64
		{8288A3BD-9BB8-387D-B194-7197D77781E1}.MinSizeRel|x64.Build.0 = MinSizeRel|x64
		{8288A3BD-9BB8-387D-B194-7197D77781E1}.RelWithDebInfo|x64.ActiveCfg = RelWithDebInfo|x64
		{8288A3BD-9BB8-387D-B194-7197D77781E1}.RelWithDebInfo|x64.Build.0 = RelWithDebInfo|x64
	EndGlobalSection
	GlobalSection(ExtensibilityGlobals) = postSolution
		SolutionGuid = {D97F491C-2694-3021-9EFA-1F20DF4533A5}
	EndGlobalSection
	GlobalSection(ExtensibilityAddIns) = postSolution
	EndGlobalSection
EndGlobal
